
Microsoft Visual Studio Solution File, Format Version 12.00
# Visual Studio Version 17
VisualStudioVersion = 17.12.35707.178
MinimumVisualStudioVersion = 10.0.40219.1
Project("{FAE04EC0-301F-11D3-BF4B-00C04F79EFBC}") = "StrategyEnvioMensagem", "Strategy-Mensagem\StrategyEnvioMensagem.csproj", "{4AB05195-1D4F-4FA6-B764-D5C911B388EC}"
EndProject
Project("{2150E333-8FDC-42A3-9474-1A3956D46DE8}") = "Comportamental", "Comportamental", "{7856766C-5F72-4CD9-8C4C-260983EACF35}"
EndProject
Project("{2150E333-8FDC-42A3-9474-1A3956D46DE8}") = "Strategy", "Strategy", "{7D5C787C-BBEE-423D-AC2B-1C31F9AECD53}"
EndProject
Project("{2150E333-8FDC-42A3-9474-1A3956D46DE8}") = "chain of responsibility", "chain of responsibility", "{1218DEAB-8C26-4BED-AA40-6A65326A23ED}"
EndProject
Project("{FAE04EC0-301F-11D3-BF4B-00C04F79EFBC}") = "chain of responsibilityEnvioMensagem", "chain of responsibility\chain of responsibilityEnvioMensagem.csproj", "{E01B1E60-94F5-4E17-BC81-FEA57D65647F}"
EndProject
Project("{2150E333-8FDC-42A3-9474-1A3956D46DE8}") = "State", "State", "{51649127-986C-4430-9291-04128C737F85}"
EndProject
Project("{FAE04EC0-301F-11D3-BF4B-00C04F79EFBC}") = "StatePedido", "StatePedido\StatePedido.csproj", "{A1B70ED0-6B55-4CE7-8F04-D09D3BB3589E}"
EndProject
Project("{2150E333-8FDC-42A3-9474-1A3956D46DE8}") = "Decorator", "Decorator", "{C459EA6A-E0D8-4559-BD53-39B9F81899C1}"
EndProject
Project("{FAE04EC0-301F-11D3-BF4B-00C04F79EFBC}") = "DecoratorJurosProduto", "DecoratorJurosProduto\DecoratorJurosProduto.csproj", "{27ACFB6C-9672-4EEA-9AB6-C9F45C344E35}"
EndProject
Project("{2150E333-8FDC-42A3-9474-1A3956D46DE8}") = "Observer", "Observer", "{28543704-364C-43D7-99AB-F96E83C03192}"
EndProject
Project("{2150E333-8FDC-42A3-9474-1A3956D46DE8}") = "Memento", "Memento", "{3ACAC1D6-FA1F-489D-9926-55A36AC660C5}"
EndProject
Project("{2150E333-8FDC-42A3-9474-1A3956D46DE8}") = "Command", "Command", "{2930D7A9-6CED-44C5-B601-8ECA7EC084CD}"
EndProject
Project("{2150E333-8FDC-42A3-9474-1A3956D46DE8}") = "Criacional", "Criacional", "{585B325E-4CB6-40C9-8948-847ABD88D9EF}"
EndProject
Project("{2150E333-8FDC-42A3-9474-1A3956D46DE8}") = "Estrutural", "Estrutural", "{194D1987-B715-4DBE-B8BB-5F20152FE1D7}"
EndProject
Project("{2150E333-8FDC-42A3-9474-1A3956D46DE8}") = "Builder", "Builder", "{24DB3554-F027-42B7-9665-85004E24C217}"
EndProject
Global
	GlobalSection(SolutionConfigurationPlatforms) = preSolution
		Debug|Any CPU = Debug|Any CPU
		Release|Any CPU = Release|Any CPU
	EndGlobalSection
	GlobalSection(ProjectConfigurationPlatforms) = postSolution
		{4AB05195-1D4F-4FA6-B764-D5C911B388EC}.Debug|Any CPU.ActiveCfg = Debug|Any CPU
		{4AB05195-1D4F-4FA6-B764-D5C911B388EC}.Debug|Any CPU.Build.0 = Debug|Any CPU
		{4AB05195-1D4F-4FA6-B764-D5C911B388EC}.Release|Any CPU.ActiveCfg = Release|Any CPU
		{4AB05195-1D4F-4FA6-B764-D5C911B388EC}.Release|Any CPU.Build.0 = Release|Any CPU
		{E01B1E60-94F5-4E17-BC81-FEA57D65647F}.Debug|Any CPU.ActiveCfg = Debug|Any CPU
		{E01B1E60-94F5-4E17-BC81-FEA57D65647F}.Debug|Any CPU.Build.0 = Debug|Any CPU
		{E01B1E60-94F5-4E17-BC81-FEA57D65647F}.Release|Any CPU.ActiveCfg = Release|Any CPU
		{E01B1E60-94F5-4E17-BC81-FEA57D65647F}.Release|Any CPU.Build.0 = Release|Any CPU
		{A1B70ED0-6B55-4CE7-8F04-D09D3BB3589E}.Debug|Any CPU.ActiveCfg = Debug|Any CPU
		{A1B70ED0-6B55-4CE7-8F04-D09D3BB3589E}.Debug|Any CPU.Build.0 = Debug|Any CPU
		{A1B70ED0-6B55-4CE7-8F04-D09D3BB3589E}.Release|Any CPU.ActiveCfg = Release|Any CPU
		{A1B70ED0-6B55-4CE7-8F04-D09D3BB3589E}.Release|Any CPU.Build.0 = Release|Any CPU
		{27ACFB6C-9672-4EEA-9AB6-C9F45C344E35}.Debug|Any CPU.ActiveCfg = Debug|Any CPU
		{27ACFB6C-9672-4EEA-9AB6-C9F45C344E35}.Debug|Any CPU.Build.0 = Debug|Any CPU
		{27ACFB6C-9672-4EEA-9AB6-C9F45C344E35}.Release|Any CPU.ActiveCfg = Release|Any CPU
		{27ACFB6C-9672-4EEA-9AB6-C9F45C344E35}.Release|Any CPU.Build.0 = Release|Any CPU
	EndGlobalSection
	GlobalSection(SolutionProperties) = preSolution
		HideSolutionNode = FALSE
	EndGlobalSection
	GlobalSection(NestedProjects) = preSolution
		{4AB05195-1D4F-4FA6-B764-D5C911B388EC} = {7D5C787C-BBEE-423D-AC2B-1C31F9AECD53}
		{7D5C787C-BBEE-423D-AC2B-1C31F9AECD53} = {7856766C-5F72-4CD9-8C4C-260983EACF35}
		{1218DEAB-8C26-4BED-AA40-6A65326A23ED} = {7856766C-5F72-4CD9-8C4C-260983EACF35}
		{E01B1E60-94F5-4E17-BC81-FEA57D65647F} = {1218DEAB-8C26-4BED-AA40-6A65326A23ED}
		{51649127-986C-4430-9291-04128C737F85} = {7856766C-5F72-4CD9-8C4C-260983EACF35}
		{A1B70ED0-6B55-4CE7-8F04-D09D3BB3589E} = {51649127-986C-4430-9291-04128C737F85}
		{C459EA6A-E0D8-4559-BD53-39B9F81899C1} = {7856766C-5F72-4CD9-8C4C-260983EACF35}
		{27ACFB6C-9672-4EEA-9AB6-C9F45C344E35} = {C459EA6A-E0D8-4559-BD53-39B9F81899C1}
		{28543704-364C-43D7-99AB-F96E83C03192} = {7856766C-5F72-4CD9-8C4C-260983EACF35}
		{3ACAC1D6-FA1F-489D-9926-55A36AC660C5} = {7856766C-5F72-4CD9-8C4C-260983EACF35}
		{2930D7A9-6CED-44C5-B601-8ECA7EC084CD} = {7856766C-5F72-4CD9-8C4C-260983EACF35}
		{24DB3554-F027-42B7-9665-85004E24C217} = {585B325E-4CB6-40C9-8948-847ABD88D9EF}
	EndGlobalSection
EndGlobal
